
Microsoft Visual Studio Solution File, Format Version 12.00
# Visual Studio Version 17
VisualStudioVersion = 17.6.33815.320
MinimumVisualStudioVersion = 10.0.40219.1
Project("{8BC9CEB8-8B4A-11D0-8D11-00A0C91BC942}") = "bai3pheptinhcoban", "bai3pheptinhcoban.vcxproj", "{880D2DBC-64BB-4778-BBB7-C5E2A9DAA1D5}"
EndProject
Global
	GlobalSection(SolutionConfigurationPlatforms) = preSolution
		Debug|x64 = Debug|x64
		Debug|x86 = Debug|x86
		Release|x64 = Release|x64
		Release|x86 = Release|x86
	EndGlobalSection
	GlobalSection(ProjectConfigurationPlatforms) = postSolution
		{880D2DBC-64BB-4778-BBB7-C5E2A9DAA1D5}.Debug|x64.ActiveCfg = Debug|x64
		{880D2DBC-64BB-4778-BBB7-C5E2A9DAA1D5}.Debug|x64.Build.0 = Debug|x64
		{880D2DBC-64BB-4778-BBB7-C5E2A9DAA1D5}.Debug|x86.ActiveCfg = Debug|Win32
		{880D2DBC-64BB-4778-BBB7-C5E2A9DAA1D5}.Debug|x86.Build.0 = Debug|Win32
		{880D2DBC-64BB-4778-BBB7-C5E2A9DAA1D5}.Release|x64.ActiveCfg = Release|x64
		{880D2DBC-64BB-4778-BBB7-C5E2A9DAA1D5}.Release|x64.Build.0 = Release|x64
		{880D2DBC-64BB-4778-BBB7-C5E2A9DAA1D5}.Release|x86.ActiveCfg = Release|Win32
		{880D2DBC-64BB-4778-BBB7-C5E2A9DAA1D5}.Release|x86.Build.0 = Release|Win32
	EndGlobalSection
	GlobalSection(SolutionProperties) = preSolution
		HideSolutionNode = FALSE
	EndGlobalSection
	GlobalSection(ExtensibilityGlobals) = postSolution
		SolutionGuid = {8EB62AD2-DF5F-4430-9288-1F82C864FBAA}
	EndGlobalSection
EndGlobal
